// !$*UTF8*$!
{
	archiveVersion = 1;
	classes = {
	};
	objectVersion = 77;
	objects = {

/* Begin PBXBuildFile section */
		027ED3B641043F78045AF98C /* TopBar.swift in Sources */ = {isa = PBXBuildFile; fileRef = E467AA145F49D7650E28202A /* TopBar.swift */; };
		041FA67658D9FCE14B7CFE07 /* StartView.swift in Sources */ = {isa = PBXBuildFile; fileRef = E3A1EA79600913DEFED4C09E /* StartView.swift */; };
		0C4992D0184401E50D692A07 /* JournalStore.swift in Sources */ = {isa = PBXBuildFile; fileRef = 72E34FE3188B562257566A5A /* JournalStore.swift */; };
		0EA83543147768C7C25C500A /* RootView.swift in Sources */ = {isa = PBXBuildFile; fileRef = B8DC109B465800E62E437721 /* RootView.swift */; };
		176A8D99E2BE8AD1C717F66F /* BrandMark.swift in Sources */ = {isa = PBXBuildFile; fileRef = C27D32D5EA222159A39AB55C /* BrandMark.swift */; };
		288DCC054AE836717F8DBC71 /* EmotionWheelCanvas.swift in Sources */ = {isa = PBXBuildFile; fileRef = 7123F18CF83C7E63A3086401 /* EmotionWheelCanvas.swift */; };
		44FC710072C9480EC53351AD /* Assets.xcassets in Resources */ = {isa = PBXBuildFile; fileRef = A2C5C7728961A4A115103FE7 /* Assets.xcassets */; };
		49F0C6A1D333B09A1AAD6769 /* StimmigApp.swift in Sources */ = {isa = PBXBuildFile; fileRef = 9973F2A01A83B2290D1E3D4A /* StimmigApp.swift */; };
		B811449D545779B5A9EF9BBA /* JournalView.swift in Sources */ = {isa = PBXBuildFile; fileRef = C09F55224C7634BA7E8D2A60 /* JournalView.swift */; };
		C01F65D90E0ECD506E71AE86 /* WheelScreenView.swift in Sources */ = {isa = PBXBuildFile; fileRef = 65DCFC755B4C46570C771139 /* WheelScreenView.swift */; };
		C2674B85423ABC0447772D13 /* Theme.swift in Sources */ = {isa = PBXBuildFile; fileRef = BBC2E9ED1A0728D904E73B47 /* Theme.swift */; };
		D7E83AC59C73DB346A0AB78E /* WedgeShape.swift in Sources */ = {isa = PBXBuildFile; fileRef = C0681C90B6340BA4A5058C25 /* WedgeShape.swift */; };
		E6F513A1EA8B1CFF4BF1E616 /* JournalEntry.swift in Sources */ = {isa = PBXBuildFile; fileRef = E2895428134B58B663F8CA8A /* JournalEntry.swift */; };
		E9CF5180BF2D180A1DE34738 /* Emotion.swift in Sources */ = {isa = PBXBuildFile; fileRef = 3F37F3FBAACABA67DB44E656 /* Emotion.swift */; };
		FD8EC5B94FF592ACE9407E0F /* ResultView.swift in Sources */ = {isa = PBXBuildFile; fileRef = AE4F8C13297BE4BB25890A90 /* ResultView.swift */; };
		D6E019D76683015C307C66FB /* JournalFile.swift in Sources */ = {isa = PBXBuildFile; fileRef = 054B5F0A1F51112345B2A18A /* JournalFile.swift */; };
		1A52EEC9A70CE1207EAA061F /* JournalStats.swift in Sources */ = {isa = PBXBuildFile; fileRef = 761F4D72C92118379CF8FE95 /* JournalStats.swift */; };
		5971684C8F4C164F9DF177E9 /* HealthSync.swift in Sources */ = {isa = PBXBuildFile; fileRef = F757E2F007A2214BD1CA37D0 /* HealthSync.swift */; };
		3D6C12B8FE065E1D8CA71E49 /* Reminder.swift in Sources */ = {isa = PBXBuildFile; fileRef = 16FDFACEEA982D1ECDBFF140 /* Reminder.swift */; };
		0463A348C9DCC038A8D32DFA /* InsightsView.swift in Sources */ = {isa = PBXBuildFile; fileRef = 7121567653DE6CC058C2A72B /* InsightsView.swift */; };
		FD4946A60EB2C64505426784 /* SettingsView.swift in Sources */ = {isa = PBXBuildFile; fileRef = BE861F1F8DCDE4E92F41CF50 /* SettingsView.swift */; };
		700B296A7C2E56542582AF11 /* JournalEntry.swift in Sources */ = {isa = PBXBuildFile; fileRef = E2895428134B58B663F8CA8A /* JournalEntry.swift */; };
		AF33717E3B1070CACC52D926 /* JournalFile.swift in Sources */ = {isa = PBXBuildFile; fileRef = 054B5F0A1F51112345B2A18A /* JournalFile.swift */; };
		C0231E8FC05B0CBF83B1D2AE /* JournalStats.swift in Sources */ = {isa = PBXBuildFile; fileRef = 761F4D72C92118379CF8FE95 /* JournalStats.swift */; };
		E4086BBFB270D8F952AEA50F /* StimmigWidget.swift in Sources */ = {isa = PBXBuildFile; fileRef = DBBC79866390240B61F647E4 /* StimmigWidget.swift */; };
		43170BA0FFA480E386AD0FCE /* Theme.swift in Sources */ = {isa = PBXBuildFile; fileRef = BBC2E9ED1A0728D904E73B47 /* Theme.swift */; };
		20ABC447C53B262257271E42 /* StimmigWidget.appex in Embed Foundation Extensions */ = {isa = PBXBuildFile; fileRef = FE044142E48C3AFC31CCA046 /* StimmigWidget.appex */; settings = {ATTRIBUTES = (RemoveHeadersOnCopy, ); }; };
/* End PBXBuildFile section */

/* Begin PBXContainerItemProxy section */
		BCD833EEE0A4A7F0FB583283 /* PBXContainerItemProxy */ = {
			isa = PBXContainerItemProxy;
			containerPortal = 9AFEB5033B86251313AE92C2 /* Project object */;
			proxyType = 1;
			remoteGlobalIDString = 79B18E8495794CE58F12EB67;
			remoteInfo = StimmigWidget;
		};
/* End PBXContainerItemProxy section */

/* Begin PBXCopyFilesBuildPhase section */
		7391544C2B1CBDCF27132A4E /* Embed Foundation Extensions */ = {
			isa = PBXCopyFilesBuildPhase;
			buildActionMask = 2147483647;
			dstPath = "";
			dstSubfolderSpec = 13;
			files = (
				20ABC447C53B262257271E42 /* StimmigWidget.appex in Embed Foundation Extensions */,
			);
			name = "Embed Foundation Extensions";
			runOnlyForDeploymentPostprocessing = 0;
		};
/* End PBXCopyFilesBuildPhase section */

/* Begin PBXFileReference section */
		2A3A5F4E323EBA826253276A /* Stimmig.app */ = {isa = PBXFileReference; includeInIndex = 0; lastKnownFileType = wrapper.application; path = Stimmig.app; sourceTree = BUILT_PRODUCTS_DIR; };
		3F37F3FBAACABA67DB44E656 /* Emotion.swift */ = {isa = PBXFileReference; lastKnownFileType = sourcecode.swift; path = Emotion.swift; sourceTree = "<group>"; };
		65DCFC755B4C46570C771139 /* WheelScreenView.swift */ = {isa = PBXFileReference; lastKnownFileType = sourcecode.swift; path = WheelScreenView.swift; sourceTree = "<group>"; };
		7123F18CF83C7E63A3086401 /* EmotionWheelCanvas.swift */ = {isa = PBXFileReference; lastKnownFileType = sourcecode.swift; path = EmotionWheelCanvas.swift; sourceTree = "<group>"; };
		72E34FE3188B562257566A5A /* JournalStore.swift */ = {isa = PBXFileReference; lastKnownFileType = sourcecode.swift; path = JournalStore.swift; sourceTree = "<group>"; };
		9973F2A01A83B2290D1E3D4A /* StimmigApp.swift */ = {isa = PBXFileReference; lastKnownFileType = sourcecode.swift; path = StimmigApp.swift; sourceTree = "<group>"; };
		A2C5C7728961A4A115103FE7 /* Assets.xcassets */ = {isa = PBXFileReference; lastKnownFileType = folder.assetcatalog; path = Assets.xcassets; sourceTree = "<group>"; };
		AE4F8C13297BE4BB25890A90 /* ResultView.swift */ = {isa = PBXFileReference; lastKnownFileType = sourcecode.swift; path = ResultView.swift; sourceTree = "<group>"; };
		B8DC109B465800E62E437721 /* RootView.swift */ = {isa = PBXFileReference; lastKnownFileType = sourcecode.swift; path = RootView.swift; sourceTree = "<group>"; };
		BBC2E9ED1A0728D904E73B47 /* Theme.swift */ = {isa = PBXFileReference; lastKnownFileType = sourcecode.swift; path = Theme.swift; sourceTree = "<group>"; };
		C0681C90B6340BA4A5058C25 /* WedgeShape.swift */ = {isa = PBXFileReference; lastKnownFileType = sourcecode.swift; path = WedgeShape.swift; sourceTree = "<group>"; };
		C09F55224C7634BA7E8D2A60 /* JournalView.swift */ = {isa = PBXFileReference; lastKnownFileType = sourcecode.swift; path = JournalView.swift; sourceTree = "<group>"; };
		C27D32D5EA222159A39AB55C /* BrandMark.swift */ = {isa = PBXFileReference; lastKnownFileType = sourcecode.swift; path = BrandMark.swift; sourceTree = "<group>"; };
		E2895428134B58B663F8CA8A /* JournalEntry.swift */ = {isa = PBXFileReference; lastKnownFileType = sourcecode.swift; path = JournalEntry.swift; sourceTree = "<group>"; };
		E3A1EA79600913DEFED4C09E /* StartView.swift */ = {isa = PBXFileReference; lastKnownFileType = sourcecode.swift; path = StartView.swift; sourceTree = "<group>"; };
		E467AA145F49D7650E28202A /* TopBar.swift */ = {isa = PBXFileReference; lastKnownFileType = sourcecode.swift; path = TopBar.swift; sourceTree = "<group>"; };
		054B5F0A1F51112345B2A18A /* JournalFile.swift */ = {isa = PBXFileReference; lastKnownFileType = sourcecode.swift; path = JournalFile.swift; sourceTree = "<group>"; };
		761F4D72C92118379CF8FE95 /* JournalStats.swift */ = {isa = PBXFileReference; lastKnownFileType = sourcecode.swift; path = JournalStats.swift; sourceTree = "<group>"; };
		F757E2F007A2214BD1CA37D0 /* HealthSync.swift */ = {isa = PBXFileReference; lastKnownFileType = sourcecode.swift; path = HealthSync.swift; sourceTree = "<group>"; };
		16FDFACEEA982D1ECDBFF140 /* Reminder.swift */ = {isa = PBXFileReference; lastKnownFileType = sourcecode.swift; path = Reminder.swift; sourceTree = "<group>"; };
		7121567653DE6CC058C2A72B /* InsightsView.swift */ = {isa = PBXFileReference; lastKnownFileType = sourcecode.swift; path = InsightsView.swift; sourceTree = "<group>"; };
		BE861F1F8DCDE4E92F41CF50 /* SettingsView.swift */ = {isa = PBXFileReference; lastKnownFileType = sourcecode.swift; path = SettingsView.swift; sourceTree = "<group>"; };
		A7D4A9311FE6EF73CECFD635 /* Stimmig.entitlements */ = {isa = PBXFileReference; lastKnownFileType = text.plist.entitlements; path = Stimmig.entitlements; sourceTree = "<group>"; };
		DBBC79866390240B61F647E4 /* StimmigWidget.swift */ = {isa = PBXFileReference; lastKnownFileType = sourcecode.swift; path = StimmigWidget.swift; sourceTree = "<group>"; };
		ABD024E0D534839B311A2998 /* StimmigWidget.entitlements */ = {isa = PBXFileReference; lastKnownFileType = text.plist.entitlements; path = StimmigWidget.entitlements; sourceTree = "<group>"; };
		31308A7C76722F21B8B5AF8E /* Info.plist */ = {isa = PBXFileReference; lastKnownFileType = text.plist.xml; path = Info.plist; sourceTree = "<group>"; };
		FE044142E48C3AFC31CCA046 /* StimmigWidget.appex */ = {isa = PBXFileReference; explicitFileType = "wrapper.app-extension"; includeInIndex = 0; path = StimmigWidget.appex; sourceTree = BUILT_PRODUCTS_DIR; };
/* End PBXFileReference section */

/* Begin PBXGroup section */
		11880188BD2E59B310C69140 /* Resources */ = {
			isa = PBXGroup;
			children = (
				A2C5C7728961A4A115103FE7 /* Assets.xcassets */,
			);
			path = Resources;
			sourceTree = "<group>";
		};
		1CB1C6875D04AFAFB8F10968 /* App */ = {
			isa = PBXGroup;
			children = (
				9973F2A01A83B2290D1E3D4A /* StimmigApp.swift */,
			);
			path = App;
			sourceTree = "<group>";
		};
		5CA6C254CD9496339BF83465 /* Components */ = {
			isa = PBXGroup;
			children = (
				C27D32D5EA222159A39AB55C /* BrandMark.swift */,
				C0681C90B6340BA4A5058C25 /* WedgeShape.swift */,
			);
			path = Components;
			sourceTree = "<group>";
		};
		6B8AF876D1CE140F8F268AE5 /* Products */ = {
			isa = PBXGroup;
			children = (
				2A3A5F4E323EBA826253276A /* Stimmig.app */,
				FE044142E48C3AFC31CCA046 /* StimmigWidget.appex */,
			);
			name = Products;
			sourceTree = "<group>";
		};
		7034FECC5A4FE2F192E0C076 /* Models */ = {
			isa = PBXGroup;
			children = (
				3F37F3FBAACABA67DB44E656 /* Emotion.swift */,
				72E34FE3188B562257566A5A /* JournalStore.swift */,
			);
			path = Models;
			sourceTree = "<group>";
		};
		82553795D66C921F1C42F15A /* Stimmig */ = {
			isa = PBXGroup;
			children = (
				1CB1C6875D04AFAFB8F10968 /* App */,
				7034FECC5A4FE2F192E0C076 /* Models */,
				11880188BD2E59B310C69140 /* Resources */,
				161CC824849307EECD3BCCD4 /* Services */,
				86A76F5331F9BC64F0153440 /* Views */,
				A7D4A9311FE6EF73CECFD635 /* Stimmig.entitlements */,
			);
			path = Stimmig;
			sourceTree = "<group>";
		};
		86A76F5331F9BC64F0153440 /* Views */ = {
			isa = PBXGroup;
			children = (
				7123F18CF83C7E63A3086401 /* EmotionWheelCanvas.swift */,
				7121567653DE6CC058C2A72B /* InsightsView.swift */,
				C09F55224C7634BA7E8D2A60 /* JournalView.swift */,
				AE4F8C13297BE4BB25890A90 /* ResultView.swift */,
				B8DC109B465800E62E437721 /* RootView.swift */,
				BE861F1F8DCDE4E92F41CF50 /* SettingsView.swift */,
				E3A1EA79600913DEFED4C09E /* StartView.swift */,
				E467AA145F49D7650E28202A /* TopBar.swift */,
				65DCFC755B4C46570C771139 /* WheelScreenView.swift */,
				5CA6C254CD9496339BF83465 /* Components */,
			);
			path = Views;
			sourceTree = "<group>";
		};
		926485BB156CC996FFBBF0DD = {
			isa = PBXGroup;
			children = (
				839C5A266937413A2A494241 /* Shared */,
				82553795D66C921F1C42F15A /* Stimmig */,
				6BE3A2A1861E12DCD7DA0205 /* StimmigWidget */,
				6B8AF876D1CE140F8F268AE5 /* Products */,
			);
			sourceTree = "<group>";
		};
		839C5A266937413A2A494241 /* Shared */ = {
			isa = PBXGroup;
			children = (
				E2895428134B58B663F8CA8A /* JournalEntry.swift */,
				054B5F0A1F51112345B2A18A /* JournalFile.swift */,
				761F4D72C92118379CF8FE95 /* JournalStats.swift */,
				BBC2E9ED1A0728D904E73B47 /* Theme.swift */,
			);
			path = Shared;
			sourceTree = "<group>";
		};
		161CC824849307EECD3BCCD4 /* Services */ = {
			isa = PBXGroup;
			children = (
				F757E2F007A2214BD1CA37D0 /* HealthSync.swift */,
				16FDFACEEA982D1ECDBFF140 /* Reminder.swift */,
			);
			path = Services;
			sourceTree = "<group>";
		};
		6BE3A2A1861E12DCD7DA0205 /* StimmigWidget */ = {
			isa = PBXGroup;
			children = (
				31308A7C76722F21B8B5AF8E /* Info.plist */,
				ABD024E0D534839B311A2998 /* StimmigWidget.entitlements */,
				DBBC79866390240B61F647E4 /* StimmigWidget.swift */,
			);
			path = StimmigWidget;
			sourceTree = "<group>";
		};
/* End PBXGroup section */

/* Begin PBXNativeTarget section */
		2F92FE948CC7D04090EBBE82 /* Stimmig */ = {
			isa = PBXNativeTarget;
			buildConfigurationList = 79A1405FFFC699838D9796E9 /* Build configuration list for PBXNativeTarget "Stimmig" */;
			buildPhases = (
				0864B9421A93C47540218902 /* Sources */,
				4E2A7AD2C7E66545C3D567F5 /* Resources */,
				7391544C2B1CBDCF27132A4E /* Embed Foundation Extensions */,
			);
			buildRules = (
			);
			dependencies = (
				DF6C49162125A2CFE5AC65B0 /* PBXTargetDependency */,
			);
			name = Stimmig;
			packageProductDependencies = (
			);
			productName = Stimmig;
			productReference = 2A3A5F4E323EBA826253276A /* Stimmig.app */;
			productType = "com.apple.product-type.application";
		};
		79B18E8495794CE58F12EB67 /* StimmigWidget */ = {
			isa = PBXNativeTarget;
			buildConfigurationList = 79385ED5D3DE65DEDBC76F0E /* Build configuration list for PBXNativeTarget "StimmigWidget" */;
			buildPhases = (
				819B44E6D51EEFF6DFCC04F9 /* Sources */,
				0846F4966D7B34FF5A712F04 /* Resources */,
			);
			buildRules = (
			);
			dependencies = (
			);
			name = StimmigWidget;
			packageProductDependencies = (
			);
			productName = StimmigWidget;
			productReference = FE044142E48C3AFC31CCA046 /* StimmigWidget.appex */;
			productType = "com.apple.product-type.app-extension";
		};
/* End PBXNativeTarget section */

/* Begin PBXProject section */
		9AFEB5033B86251313AE92C2 /* Project object */ = {
			isa = PBXProject;
			attributes = {
				BuildIndependentTargetsInParallel = YES;
				LastUpgradeCheck = 1430;
				TargetAttributes = {
					2F92FE948CC7D04090EBBE82 = {
						DevelopmentTeam = 9G5RLWXCJQ;
						ProvisioningStyle = Automatic;
					};
					79B18E8495794CE58F12EB67 = {
						DevelopmentTeam = 9G5RLWXCJQ;
						ProvisioningStyle = Automatic;
					};
				};
			};
			buildConfigurationList = 0872CD6631DF1FBA9C147795 /* Build configuration list for PBXProject "Stimmig" */;
			developmentRegion = en;
			hasScannedForEncodings = 0;
			knownRegions = (
				Base,
				en,
			);
			mainGroup = 926485BB156CC996FFBBF0DD;
			minimizedProjectReferenceProxies = 1;
			preferredProjectObjectVersion = 77;
			productRefGroup = 6B8AF876D1CE140F8F268AE5 /* Products */;
			projectDirPath = "";
			projectRoot = "";
			targets = (
				2F92FE948CC7D04090EBBE82 /* Stimmig */,
				79B18E8495794CE58F12EB67 /* StimmigWidget */,
			);
		};
/* End PBXProject section */

/* Begin PBXResourcesBuildPhase section */
		4E2A7AD2C7E66545C3D567F5 /* Resources */ = {
			isa = PBXResourcesBuildPhase;
			buildActionMask = 2147483647;
			files = (
				44FC710072C9480EC53351AD /* Assets.xcassets in Resources */,
			);
			runOnlyForDeploymentPostprocessing = 0;
		};
		0846F4966D7B34FF5A712F04 /* Resources */ = {
			isa = PBXResourcesBuildPhase;
			buildActionMask = 2147483647;
			files = (
			);
			runOnlyForDeploymentPostprocessing = 0;
		};
/* End PBXResourcesBuildPhase section */

/* Begin PBXSourcesBuildPhase section */
		0864B9421A93C47540218902 /* Sources */ = {
			isa = PBXSourcesBuildPhase;
			buildActionMask = 2147483647;
			files = (
				176A8D99E2BE8AD1C717F66F /* BrandMark.swift in Sources */,
				E9CF5180BF2D180A1DE34738 /* Emotion.swift in Sources */,
				288DCC054AE836717F8DBC71 /* EmotionWheelCanvas.swift in Sources */,
				E6F513A1EA8B1CFF4BF1E616 /* JournalEntry.swift in Sources */,
				0C4992D0184401E50D692A07 /* JournalStore.swift in Sources */,
				B811449D545779B5A9EF9BBA /* JournalView.swift in Sources */,
				FD8EC5B94FF592ACE9407E0F /* ResultView.swift in Sources */,
				0EA83543147768C7C25C500A /* RootView.swift in Sources */,
				041FA67658D9FCE14B7CFE07 /* StartView.swift in Sources */,
				49F0C6A1D333B09A1AAD6769 /* StimmigApp.swift in Sources */,
				C2674B85423ABC0447772D13 /* Theme.swift in Sources */,
				027ED3B641043F78045AF98C /* TopBar.swift in Sources */,
				D7E83AC59C73DB346A0AB78E /* WedgeShape.swift in Sources */,
				C01F65D90E0ECD506E71AE86 /* WheelScreenView.swift in Sources */,
				D6E019D76683015C307C66FB /* JournalFile.swift in Sources */,
				1A52EEC9A70CE1207EAA061F /* JournalStats.swift in Sources */,
				5971684C8F4C164F9DF177E9 /* HealthSync.swift in Sources */,
				3D6C12B8FE065E1D8CA71E49 /* Reminder.swift in Sources */,
				0463A348C9DCC038A8D32DFA /* InsightsView.swift in Sources */,
				FD4946A60EB2C64505426784 /* SettingsView.swift in Sources */,
			);
			runOnlyForDeploymentPostprocessing = 0;
		};
		819B44E6D51EEFF6DFCC04F9 /* Sources */ = {
			isa = PBXSourcesBuildPhase;
			buildActionMask = 2147483647;
			files = (
				700B296A7C2E56542582AF11 /* JournalEntry.swift in Sources */,
				AF33717E3B1070CACC52D926 /* JournalFile.swift in Sources */,
				C0231E8FC05B0CBF83B1D2AE /* JournalStats.swift in Sources */,
				E4086BBFB270D8F952AEA50F /* StimmigWidget.swift in Sources */,
				43170BA0FFA480E386AD0FCE /* Theme.swift in Sources */,
			);
			runOnlyForDeploymentPostprocessing = 0;
		};
/* End PBXSourcesBuildPhase section */

/* Begin PBXTargetDependency section */
		DF6C49162125A2CFE5AC65B0 /* PBXTargetDependency */ = {
			isa = PBXTargetDependency;
			target = 79B18E8495794CE58F12EB67 /* StimmigWidget */;
			targetProxy = BCD833EEE0A4A7F0FB583283 /* PBXContainerItemProxy */;
		};
/* End PBXTargetDependency section */

/* Begin XCBuildConfiguration section */
		81C6AF48608883640864268B /* Release */ = {
			isa = XCBuildConfiguration;
			buildSettings = {
				ALWAYS_SEARCH_USER_PATHS = NO;
				CLANG_ANALYZER_NONNULL = YES;
				CLANG_ANALYZER_NUMBER_OBJECT_CONVERSION = YES_AGGRESSIVE;
				CLANG_CXX_LANGUAGE_STANDARD = "gnu++14";
				CLANG_CXX_LIBRARY = "libc++";
				CLANG_ENABLE_MODULES = YES;
				CLANG_ENABLE_OBJC_ARC = YES;
				CLANG_ENABLE_OBJC_WEAK = YES;
				CLANG_WARN_BLOCK_CAPTURE_AUTORELEASING = YES;
				CLANG_WARN_BOOL_CONVERSION = YES;
				CLANG_WARN_COMMA = YES;
				CLANG_WARN_CONSTANT_CONVERSION = YES;
				CLANG_WARN_DEPRECATED_OBJC_IMPLEMENTATIONS = YES;
				CLANG_WARN_DIRECT_OBJC_ISA_USAGE = YES_ERROR;
				CLANG_WARN_DOCUMENTATION_COMMENTS = YES;
				CLANG_WARN_EMPTY_BODY = YES;
				CLANG_WARN_ENUM_CONVERSION = YES;
				CLANG_WARN_INFINITE_RECURSION = YES;
				CLANG_WARN_INT_CONVERSION = YES;
				CLANG_WARN_NON_LITERAL_NULL_CONVERSION = YES;
				CLANG_WARN_OBJC_IMPLICIT_RETAIN_SELF = YES;
				CLANG_WARN_OBJC_LITERAL_CONVERSION = YES;
				CLANG_WARN_OBJC_ROOT_CLASS = YES_ERROR;
				CLANG_WARN_QUOTED_INCLUDE_IN_FRAMEWORK_HEADER = YES;
				CLANG_WARN_RANGE_LOOP_ANALYSIS = YES;
				CLANG_WARN_STRICT_PROTOTYPES = YES;
				CLANG_WARN_SUSPICIOUS_MOVE = YES;
				CLANG_WARN_UNGUARDED_AVAILABILITY = YES_AGGRESSIVE;
				CLANG_WARN_UNREACHABLE_CODE = YES;
				CLANG_WARN__DUPLICATE_METHOD_MATCH = YES;
				COPY_PHASE_STRIP = NO;
				DEBUG_INFORMATION_FORMAT = "dwarf-with-dsym";
				ENABLE_NS_ASSERTIONS = NO;
				ENABLE_STRICT_OBJC_MSGSEND = YES;
				GCC_C_LANGUAGE_STANDARD = gnu11;
				GCC_NO_COMMON_BLOCKS = YES;
				GCC_WARN_64_TO_32_BIT_CONVERSION = YES;
				GCC_WARN_ABOUT_RETURN_TYPE = YES_ERROR;
				GCC_WARN_UNDECLARED_SELECTOR = YES;
				GCC_WARN_UNINITIALIZED_AUTOS = YES_AGGRESSIVE;
				GCC_WARN_UNUSED_FUNCTION = YES;
				GCC_WARN_UNUSED_VARIABLE = YES;
				IPHONEOS_DEPLOYMENT_TARGET = 16.0;
				MTL_ENABLE_DEBUG_INFO = NO;
				MTL_FAST_MATH = YES;
				PRODUCT_NAME = "$(TARGET_NAME)";
				SDKROOT = iphoneos;
				SWIFT_COMPILATION_MODE = wholemodule;
				SWIFT_OPTIMIZATION_LEVEL = "-O";
				SWIFT_VERSION = 5.0;
			};
			name = Release;
		};
		AAE0F3B3B4FBB442FEE57F4A /* Release */ = {
			isa = XCBuildConfiguration;
			buildSettings = {
				ASSETCATALOG_COMPILER_APPICON_NAME = AppIcon;
				ASSETCATALOG_COMPILER_GLOBAL_ACCENT_COLOR_NAME = AccentColor;
				CODE_SIGN_ENTITLEMENTS = Stimmig/Stimmig.entitlements;
				CODE_SIGN_IDENTITY = "iPhone Developer";
				CODE_SIGN_STYLE = Automatic;
				CURRENT_PROJECT_VERSION = 1;
				DEVELOPMENT_TEAM = 9G5RLWXCJQ;
				ENABLE_PREVIEWS = YES;
				INFOPLIST_FILE = Generated/Info.plist;
				LD_RUNPATH_SEARCH_PATHS = (
					"$(inherited)",
					"@executable_path/Frameworks",
				);
				MARKETING_VERSION = 1.0;
				PRODUCT_BUNDLE_IDENTIFIER = com.pinksharkdesign.stimmig;
				SDKROOT = iphoneos;
				SWIFT_VERSION = 5.0;
				TARGETED_DEVICE_FAMILY = 1;
			};
			name = Release;
		};
		B1BC0F0B0807F19CA1AEE4CB /* Debug */ = {
			isa = XCBuildConfiguration;
			buildSettings = {
				ASSETCATALOG_COMPILER_APPICON_NAME = AppIcon;
				ASSETCATALOG_COMPILER_GLOBAL_ACCENT_COLOR_NAME = AccentColor;
				CODE_SIGN_ENTITLEMENTS = Stimmig/Stimmig.entitlements;
				CODE_SIGN_IDENTITY = "iPhone Developer";
				CODE_SIGN_STYLE = Automatic;
				CURRENT_PROJECT_VERSION = 1;
				DEVELOPMENT_TEAM = 9G5RLWXCJQ;
				ENABLE_PREVIEWS = YES;
				INFOPLIST_FILE = Generated/Info.plist;
				LD_RUNPATH_SEARCH_PATHS = (
					"$(inherited)",
					"@executable_path/Frameworks",
				);
				MARKETING_VERSION = 1.0;
				PRODUCT_BUNDLE_IDENTIFIER = com.pinksharkdesign.stimmig;
				SDKROOT = iphoneos;
				SWIFT_VERSION = 5.0;
				TARGETED_DEVICE_FAMILY = 1;
			};
			name = Debug;
		};
		F7E941C9092A3A13C1F21F8E /* Debug */ = {
			isa = XCBuildConfiguration;
			buildSettings = {
				ALWAYS_SEARCH_USER_PATHS = NO;
				CLANG_ANALYZER_NONNULL = YES;
				CLANG_ANALYZER_NUMBER_OBJECT_CONVERSION = YES_AGGRESSIVE;
				CLANG_CXX_LANGUAGE_STANDARD = "gnu++14";
				CLANG_CXX_LIBRARY = "libc++";
				CLANG_ENABLE_MODULES = YES;
				CLANG_ENABLE_OBJC_ARC = YES;
				CLANG_ENABLE_OBJC_WEAK = YES;
				CLANG_WARN_BLOCK_CAPTURE_AUTORELEASING = YES;
				CLANG_WARN_BOOL_CONVERSION = YES;
				CLANG_WARN_COMMA = YES;
				CLANG_WARN_CONSTANT_CONVERSION = YES;
				CLANG_WARN_DEPRECATED_OBJC_IMPLEMENTATIONS = YES;
				CLANG_WARN_DIRECT_OBJC_ISA_USAGE = YES_ERROR;
				CLANG_WARN_DOCUMENTATION_COMMENTS = YES;
				CLANG_WARN_EMPTY_BODY = YES;
				CLANG_WARN_ENUM_CONVERSION = YES;
				CLANG_WARN_INFINITE_RECURSION = YES;
				CLANG_WARN_INT_CONVERSION = YES;
				CLANG_WARN_NON_LITERAL_NULL_CONVERSION = YES;
				CLANG_WARN_OBJC_IMPLICIT_RETAIN_SELF = YES;
				CLANG_WARN_OBJC_LITERAL_CONVERSION = YES;
				CLANG_WARN_OBJC_ROOT_CLASS = YES_ERROR;
				CLANG_WARN_QUOTED_INCLUDE_IN_FRAMEWORK_HEADER = YES;
				CLANG_WARN_RANGE_LOOP_ANALYSIS = YES;
				CLANG_WARN_STRICT_PROTOTYPES = YES;
				CLANG_WARN_SUSPICIOUS_MOVE = YES;
				CLANG_WARN_UNGUARDED_AVAILABILITY = YES_AGGRESSIVE;
				CLANG_WARN_UNREACHABLE_CODE = YES;
				CLANG_WARN__DUPLICATE_METHOD_MATCH = YES;
				COPY_PHASE_STRIP = NO;
				DEBUG_INFORMATION_FORMAT = dwarf;
				ENABLE_STRICT_OBJC_MSGSEND = YES;
				ENABLE_TESTABILITY = YES;
				GCC_C_LANGUAGE_STANDARD = gnu11;
				GCC_DYNAMIC_NO_PIC = NO;
				GCC_NO_COMMON_BLOCKS = YES;
				GCC_OPTIMIZATION_LEVEL = 0;
				GCC_PREPROCESSOR_DEFINITIONS = (
					"$(inherited)",
					"DEBUG=1",
				);
				GCC_WARN_64_TO_32_BIT_CONVERSION = YES;
				GCC_WARN_ABOUT_RETURN_TYPE = YES_ERROR;
				GCC_WARN_UNDECLARED_SELECTOR = YES;
				GCC_WARN_UNINITIALIZED_AUTOS = YES_AGGRESSIVE;
				GCC_WARN_UNUSED_FUNCTION = YES;
				GCC_WARN_UNUSED_VARIABLE = YES;
				IPHONEOS_DEPLOYMENT_TARGET = 16.0;
				MTL_ENABLE_DEBUG_INFO = INCLUDE_SOURCE;
				MTL_FAST_MATH = YES;
				ONLY_ACTIVE_ARCH = YES;
				PRODUCT_NAME = "$(TARGET_NAME)";
				SDKROOT = iphoneos;
				SWIFT_ACTIVE_COMPILATION_CONDITIONS = DEBUG;
				SWIFT_OPTIMIZATION_LEVEL = "-Onone";
				SWIFT_VERSION = 5.0;
			};
			name = Debug;
		};
		BB1E4EC5FB93ED1B66776DD9 /* Debug */ = {
			isa = XCBuildConfiguration;
			buildSettings = {
				CODE_SIGN_ENTITLEMENTS = StimmigWidget/StimmigWidget.entitlements;
				CODE_SIGN_IDENTITY = "iPhone Developer";
				CODE_SIGN_STYLE = Automatic;
				CURRENT_PROJECT_VERSION = 1;
				DEVELOPMENT_TEAM = 9G5RLWXCJQ;
				INFOPLIST_FILE = StimmigWidget/Info.plist;
				LD_RUNPATH_SEARCH_PATHS = (
					"$(inherited)",
					"@executable_path/Frameworks",
					"@executable_path/../../Frameworks",
				);
				MARKETING_VERSION = 1.0;
				PRODUCT_BUNDLE_IDENTIFIER = com.pinksharkdesign.stimmig.widget;
				SDKROOT = iphoneos;
				SKIP_INSTALL = YES;
				SWIFT_VERSION = 5.0;
				TARGETED_DEVICE_FAMILY = 1;
			};
			name = Debug;
		};
		C7957827CED6327DCCFECFA8 /* Release */ = {
			isa = XCBuildConfiguration;
			buildSettings = {
				CODE_SIGN_ENTITLEMENTS = StimmigWidget/StimmigWidget.entitlements;
				CODE_SIGN_IDENTITY = "iPhone Developer";
				CODE_SIGN_STYLE = Automatic;
				CURRENT_PROJECT_VERSION = 1;
				DEVELOPMENT_TEAM = 9G5RLWXCJQ;
				INFOPLIST_FILE = StimmigWidget/Info.plist;
				LD_RUNPATH_SEARCH_PATHS = (
					"$(inherited)",
					"@executable_path/Frameworks",
					"@executable_path/../../Frameworks",
				);
				MARKETING_VERSION = 1.0;
				PRODUCT_BUNDLE_IDENTIFIER = com.pinksharkdesign.stimmig.widget;
				SDKROOT = iphoneos;
				SKIP_INSTALL = YES;
				SWIFT_VERSION = 5.0;
				TARGETED_DEVICE_FAMILY = 1;
			};
			name = Release;
		};
/* End XCBuildConfiguration section */

/* Begin XCConfigurationList section */
		0872CD6631DF1FBA9C147795 /* Build configuration list for PBXProject "Stimmig" */ = {
			isa = XCConfigurationList;
			buildConfigurations = (
				F7E941C9092A3A13C1F21F8E /* Debug */,
				81C6AF48608883640864268B /* Release */,
			);
			defaultConfigurationIsVisible = 0;
			defaultConfigurationName = Debug;
		};
		79A1405FFFC699838D9796E9 /* Build configuration list for PBXNativeTarget "Stimmig" */ = {
			isa = XCConfigurationList;
			buildConfigurations = (
				B1BC0F0B0807F19CA1AEE4CB /* Debug */,
				AAE0F3B3B4FBB442FEE57F4A /* Release */,
			);
			defaultConfigurationIsVisible = 0;
			defaultConfigurationName = Debug;
		};
		79385ED5D3DE65DEDBC76F0E /* Build configuration list for PBXNativeTarget "StimmigWidget" */ = {
			isa = XCConfigurationList;
			buildConfigurations = (
				BB1E4EC5FB93ED1B66776DD9 /* Debug */,
				C7957827CED6327DCCFECFA8 /* Release */,
			);
			defaultConfigurationIsVisible = 0;
			defaultConfigurationName = Debug;
		};
/* End XCConfigurationList section */
	};
	rootObject = 9AFEB5033B86251313AE92C2 /* Project object */;
}
